
Microsoft Visual Studio Solution File, Format Version 12.00
# Visual Studio Version 17
VisualStudioVersion = 17.10.35013.160
MinimumVisualStudioVersion = 10.0.40219.1
Project("{E24C65DC-7377-472B-9ABA-BC803B73C61A}") = "WebEcuelaJson", ".", "{649FF9E1-8A76-4201-8C48-D55AA79B2407}"
	ProjectSection(WebsiteProperties) = preProject
		TargetFrameworkMoniker = ".NETFramework,Version%3Dv4.7.2"
		ProjectReferences = "{4c0c1be2-8628-4f4d-baca-7688609baa73}|CapaDeNegocio.dll;"
		Debug.AspNetCompiler.VirtualPath = "/localhost_51166"
		Debug.AspNetCompiler.PhysicalPath = "..\WebEcuelaJson\"
		Debug.AspNetCompiler.TargetPath = "PrecompiledWeb\localhost_51166\"
		Debug.AspNetCompiler.Updateable = "true"
		Debug.AspNetCompiler.ForceOverwrite = "true"
		Debug.AspNetCompiler.FixedNames = "false"
		Debug.AspNetCompiler.Debug = "True"
		Release.AspNetCompiler.VirtualPath = "/localhost_51166"
		Release.AspNetCompiler.PhysicalPath = "..\WebEcuelaJson\"
		Release.AspNetCompiler.TargetPath = "PrecompiledWeb\localhost_51166\"
		Release.AspNetCompiler.Updateable = "true"
		Release.AspNetCompiler.ForceOverwrite = "true"
		Release.AspNetCompiler.FixedNames = "false"
		Release.AspNetCompiler.Debug = "False"
		VWDPort = "51166"
		SlnRelativePath = "..\WebEcuelaJson\"
		DefaultWebSiteLanguage = "Visual C#"
	EndProjectSection
EndProject
Project("{FAE04EC0-301F-11D3-BF4B-00C04F79EFBC}") = "CapaDeNegocio", "..\CapaDeNegocio\CapaDeNegocio.csproj", "{4C0C1BE2-8628-4F4D-BACA-7688609BAA73}"
EndProject
Global
	GlobalSection(SolutionConfigurationPlatforms) = preSolution
		Debug|Any CPU = Debug|Any CPU
		Release|Any CPU = Release|Any CPU
	EndGlobalSection
	GlobalSection(ProjectConfigurationPlatforms) = postSolution
		{649FF9E1-8A76-4201-8C48-D55AA79B2407}.Debug|Any CPU.ActiveCfg = Debug|Any CPU
		{649FF9E1-8A76-4201-8C48-D55AA79B2407}.Debug|Any CPU.Build.0 = Debug|Any CPU
		{649FF9E1-8A76-4201-8C48-D55AA79B2407}.Release|Any CPU.ActiveCfg = Debug|Any CPU
		{649FF9E1-8A76-4201-8C48-D55AA79B2407}.Release|Any CPU.Build.0 = Debug|Any CPU
		{4C0C1BE2-8628-4F4D-BACA-7688609BAA73}.Debug|Any CPU.ActiveCfg = Debug|Any CPU
		{4C0C1BE2-8628-4F4D-BACA-7688609BAA73}.Debug|Any CPU.Build.0 = Debug|Any CPU
		{4C0C1BE2-8628-4F4D-BACA-7688609BAA73}.Release|Any CPU.ActiveCfg = Release|Any CPU
		{4C0C1BE2-8628-4F4D-BACA-7688609BAA73}.Release|Any CPU.Build.0 = Release|Any CPU
	EndGlobalSection
	GlobalSection(SolutionProperties) = preSolution
		HideSolutionNode = FALSE
	EndGlobalSection
	GlobalSection(ExtensibilityGlobals) = postSolution
		SolutionGuid = {EF3CC292-E5A8-42C9-A49A-BE8C1A128F7C}
	EndGlobalSection
EndGlobal
